
Microsoft Visual Studio Solution File, Format Version 12.00
# Visual Studio 2012
Project("{FAE04EC0-301F-11D3-BF4B-00C04F79EFBC}") = "Tica_Android_2", "Tica_Android_2\Tica_Android_2.csproj", "{FBEF3E3B-89B1-43CE-A867-7C6B6AAEBDA5}"
EndProject
Global
	GlobalSection(SolutionConfigurationPlatforms) = preSolution
		Debug|Any CPU = Debug|Any CPU
		Release|Any CPU = Release|Any CPU
	EndGlobalSection
	GlobalSection(ProjectConfigurationPlatforms) = postSolution
		{FBEF3E3B-89B1-43CE-A867-7C6B6AAEBDA5}.Debug|Any CPU.ActiveCfg = Debug|Any CPU
		{FBEF3E3B-89B1-43CE-A867-7C6B6AAEBDA5}.Debug|Any CPU.Build.0 = Debug|Any CPU
		{FBEF3E3B-89B1-43CE-A867-7C6B6AAEBDA5}.Release|Any CPU.ActiveCfg = Release|Any CPU
		{FBEF3E3B-89B1-43CE-A867-7C6B6AAEBDA5}.Release|Any CPU.Build.0 = Release|Any CPU
	EndGlobalSection
EndGlobal
